
Microsoft Visual Studio Solution File, Format Version 12.00
# Visual Studio 15
VisualStudioVersion = 15.0.27004.2010
MinimumVisualStudioVersion = 10.0.40219.1
Project("{9A19103F-16F7-4668-BE54-9A1E7A4F7556}") = "Autoshop.Web", "Autoshop.Web\Autoshop.Web.csproj", "{C1493A7F-1E2B-45AD-8F75-D82DB6307F95}"
EndProject
Project("{9A19103F-16F7-4668-BE54-9A1E7A4F7556}") = "Autoshop.Data", "Autoshop.Data\Autoshop.Data.csproj", "{0D76A094-D8E2-412F-877A-26318FA49F60}"
EndProject
Project("{9A19103F-16F7-4668-BE54-9A1E7A4F7556}") = "Autoshop.Models", "Autoshop.Models\Autoshop.Models.csproj", "{BF06F3A3-C6BA-457B-9B93-9FC6F9B72414}"
EndProject
Project("{9A19103F-16F7-4668-BE54-9A1E7A4F7556}") = "Autoshop.Services", "Autoshop.Services\Autoshop.Services.csproj", "{349B5EBF-BDB8-4109-BA5C-6555A026B1AF}"
EndProject
Project("{9A19103F-16F7-4668-BE54-9A1E7A4F7556}") = "Autoshop.Common", "Autoshop.Common\Autoshop.Common.csproj", "{BD233701-27D6-48DD-9A07-A3125B27372A}"
EndProject
Global
	GlobalSection(SolutionConfigurationPlatforms) = preSolution
		Debug|Any CPU = Debug|Any CPU
		Release|Any CPU = Release|Any CPU
	EndGlobalSection
	GlobalSection(ProjectConfigurationPlatforms) = postSolution
		{C1493A7F-1E2B-45AD-8F75-D82DB6307F95}.Debug|Any CPU.ActiveCfg = Debug|Any CPU
		{C1493A7F-1E2B-45AD-8F75-D82DB6307F95}.Debug|Any CPU.Build.0 = Debug|Any CPU
		{C1493A7F-1E2B-45AD-8F75-D82DB6307F95}.Release|Any CPU.ActiveCfg = Release|Any CPU
		{C1493A7F-1E2B-45AD-8F75-D82DB6307F95}.Release|Any CPU.Build.0 = Release|Any CPU
		{0D76A094-D8E2-412F-877A-26318FA49F60}.Debug|Any CPU.ActiveCfg = Debug|Any CPU
		{0D76A094-D8E2-412F-877A-26318FA49F60}.Debug|Any CPU.Build.0 = Debug|Any CPU
		{0D76A094-D8E2-412F-877A-26318FA49F60}.Release|Any CPU.ActiveCfg = Release|Any CPU
		{0D76A094-D8E2-412F-877A-26318FA49F60}.Release|Any CPU.Build.0 = Release|Any CPU
		{BF06F3A3-C6BA-457B-9B93-9FC6F9B72414}.Debug|Any CPU.ActiveCfg = Debug|Any CPU
		{BF06F3A3-C6BA-457B-9B93-9FC6F9B72414}.Debug|Any CPU.Build.0 = Debug|Any CPU
		{BF06F3A3-C6BA-457B-9B93-9FC6F9B72414}.Release|Any CPU.ActiveCfg = Release|Any CPU
		{BF06F3A3-C6BA-457B-9B93-9FC6F9B72414}.Release|Any CPU.Build.0 = Release|Any CPU
		{349B5EBF-BDB8-4109-BA5C-6555A026B1AF}.Debug|Any CPU.ActiveCfg = Debug|Any CPU
		{349B5EBF-BDB8-4109-BA5C-6555A026B1AF}.Debug|Any CPU.Build.0 = Debug|Any CPU
		{349B5EBF-BDB8-4109-BA5C-6555A026B1AF}.Release|Any CPU.ActiveCfg = Release|Any CPU
		{349B5EBF-BDB8-4109-BA5C-6555A026B1AF}.Release|Any CPU.Build.0 = Release|Any CPU
		{BD233701-27D6-48DD-9A07-A3125B27372A}.Debug|Any CPU.ActiveCfg = Debug|Any CPU
		{BD233701-27D6-48DD-9A07-A3125B27372A}.Debug|Any CPU.Build.0 = Debug|Any CPU
		{BD233701-27D6-48DD-9A07-A3125B27372A}.Release|Any CPU.ActiveCfg = Release|Any CPU
		{BD233701-27D6-48DD-9A07-A3125B27372A}.Release|Any CPU.Build.0 = Release|Any CPU
	EndGlobalSection
	GlobalSection(SolutionProperties) = preSolution
		HideSolutionNode = FALSE
	EndGlobalSection
	GlobalSection(ExtensibilityGlobals) = postSolution
		SolutionGuid = {5D75C920-3F9A-41A7-A8D4-A95E3A345262}
	EndGlobalSection
EndGlobal
