
Microsoft Visual Studio Solution File, Format Version 12.00
# Visual Studio 15
VisualStudioVersion = 15.0.26730.16
MinimumVisualStudioVersion = 10.0.40219.1
Project("{FAE04EC0-301F-11D3-BF4B-00C04F79EFBC}") = "Autoshop.Web", "Autoshop.Web\Autoshop.Web.csproj", "{C1493A7F-1E2B-45AD-8F75-D82DB6307F95}"
EndProject
Global
	GlobalSection(SolutionConfigurationPlatforms) = preSolution
		Debug|Any CPU = Debug|Any CPU
		Release|Any CPU = Release|Any CPU
	EndGlobalSection
	GlobalSection(ProjectConfigurationPlatforms) = postSolution
		{C1493A7F-1E2B-45AD-8F75-D82DB6307F95}.Debug|Any CPU.ActiveCfg = Debug|Any CPU
		{C1493A7F-1E2B-45AD-8F75-D82DB6307F95}.Debug|Any CPU.Build.0 = Debug|Any CPU
		{C1493A7F-1E2B-45AD-8F75-D82DB6307F95}.Release|Any CPU.ActiveCfg = Release|Any CPU
		{C1493A7F-1E2B-45AD-8F75-D82DB6307F95}.Release|Any CPU.Build.0 = Release|Any CPU
	EndGlobalSection
	GlobalSection(SolutionProperties) = preSolution
		HideSolutionNode = FALSE
	EndGlobalSection
	GlobalSection(ExtensibilityGlobals) = postSolution
		SolutionGuid = {5D75C920-3F9A-41A7-A8D4-A95E3A345262}
	EndGlobalSection
EndGlobal
